
Microsoft Visual Studio Solution File, Format Version 12.00
# Visual Studio Version 17
VisualStudioVersion = 17.10.35027.167
MinimumVisualStudioVersion = 10.0.40219.1
Project("{FAE04EC0-301F-11D3-BF4B-00C04F79EFBC}") = "Projeto_API", "Projeto_API\Projeto_API.csproj", "{CA731DEE-C46B-4572-94FE-6C4F6D18EB5F}"
EndProject
Global
	GlobalSection(SolutionConfigurationPlatforms) = preSolution
		Debug|Any CPU = Debug|Any CPU
		Release|Any CPU = Release|Any CPU
	EndGlobalSection
	GlobalSection(ProjectConfigurationPlatforms) = postSolution
		{CA731DEE-C46B-4572-94FE-6C4F6D18EB5F}.Debug|Any CPU.ActiveCfg = Debug|Any CPU
		{CA731DEE-C46B-4572-94FE-6C4F6D18EB5F}.Debug|Any CPU.Build.0 = Debug|Any CPU
		{CA731DEE-C46B-4572-94FE-6C4F6D18EB5F}.Release|Any CPU.ActiveCfg = Release|Any CPU
		{CA731DEE-C46B-4572-94FE-6C4F6D18EB5F}.Release|Any CPU.Build.0 = Release|Any CPU
	EndGlobalSection
	GlobalSection(SolutionProperties) = preSolution
		HideSolutionNode = FALSE
	EndGlobalSection
	GlobalSection(ExtensibilityGlobals) = postSolution
		SolutionGuid = {E37CE2D8-1B21-450D-8912-66C15AF2E617}
	EndGlobalSection
EndGlobal
